// !$*UTF8*$!
{
	archiveVersion = 1;
	classes = {
	};
	objectVersion = 52;
	objects = {

/* Begin PBXBuildFile section */
		051C930B26EA4DFB005D5D25 /* NetworkManager.swift in Sources */ = {isa = PBXBuildFile; fileRef = 051C930A26EA4DFB005D5D25 /* NetworkManager.swift */; };
		051ECAF926F9336F00D05B17 /* NVActivityIndicatorView in Frameworks */ = {isa = PBXBuildFile; productRef = 051ECAF826F9336F00D05B17 /* NVActivityIndicatorView */; };
		05200AF826E2917100295A04 /* FavoriteViewController.swift in Sources */ = {isa = PBXBuildFile; fileRef = 05200AF726E2917100295A04 /* FavoriteViewController.swift */; };
		05200AFE26E2A4D200295A04 /* Main.storyboard in Resources */ = {isa = PBXBuildFile; fileRef = 05200AFD26E2A4D200295A04 /* Main.storyboard */; };
		05200B0426E2D56D00295A04 /* CollectionViewHelper.swift in Sources */ = {isa = PBXBuildFile; fileRef = 05200B0326E2D56D00295A04 /* CollectionViewHelper.swift */; };
		0521590326DAE77A00B266A9 /* LandingViewController.swift in Sources */ = {isa = PBXBuildFile; fileRef = 0521590226DAE77A00B266A9 /* LandingViewController.swift */; };
		052E2D8B26FE76060080B990 /* RotationHelper.swift in Sources */ = {isa = PBXBuildFile; fileRef = 052E2D8A26FE76060080B990 /* RotationHelper.swift */; };
		059C5F0126DAEBA7006B7C46 /* LoginViewController.swift in Sources */ = {isa = PBXBuildFile; fileRef = 0FF8F65226C31FFB001F228E /* LoginViewController.swift */; };
		05CE26FD26D04C8B000FF7CA /* CustomButton.swift in Sources */ = {isa = PBXBuildFile; fileRef = 05CE26FC26D04C8B000FF7CA /* CustomButton.swift */; };
		05FAA15D26DD1CED00460507 /* CollectionCell.swift in Sources */ = {isa = PBXBuildFile; fileRef = 05FAA15C26DD1CED00460507 /* CollectionCell.swift */; };
		05FAA15F26DD1F2300460507 /* PopularViewController.swift in Sources */ = {isa = PBXBuildFile; fileRef = 05FAA15E26DD1F2300460507 /* PopularViewController.swift */; };
		0FF8F64F26C31FFB001F228E /* AppDelegate.swift in Sources */ = {isa = PBXBuildFile; fileRef = 0FF8F64E26C31FFB001F228E /* AppDelegate.swift */; };
		0FF8F65126C31FFB001F228E /* SceneDelegate.swift in Sources */ = {isa = PBXBuildFile; fileRef = 0FF8F65026C31FFB001F228E /* SceneDelegate.swift */; };
		0FF8F65826C31FFF001F228E /* Assets.xcassets in Resources */ = {isa = PBXBuildFile; fileRef = 0FF8F65726C31FFF001F228E /* Assets.xcassets */; };
		0FF8F65B26C31FFF001F228E /* LaunchScreen.storyboard in Resources */ = {isa = PBXBuildFile; fileRef = 0FF8F65926C31FFF001F228E /* LaunchScreen.storyboard */; };
		0FF8F66626C32000001F228E /* Nasa_AppTests.swift in Sources */ = {isa = PBXBuildFile; fileRef = 0FF8F66526C32000001F228E /* Nasa_AppTests.swift */; };
		0FF8F67126C32000001F228E /* Nasa_AppUITests.swift in Sources */ = {isa = PBXBuildFile; fileRef = 0FF8F67026C32000001F228E /* Nasa_AppUITests.swift */; };
		300EF353270AB55800F2BDDD /* UsersLoader.swift in Sources */ = {isa = PBXBuildFile; fileRef = 300EF352270AB55800F2BDDD /* UsersLoader.swift */; };
		300EF35F270ABB2500F2BDDD /* LoginController.swift in Sources */ = {isa = PBXBuildFile; fileRef = 300EF35E270ABB2500F2BDDD /* LoginController.swift */; };
		300EF369270BA19900F2BDDD /* FavoriteModel.swift in Sources */ = {isa = PBXBuildFile; fileRef = 300EF368270BA19900F2BDDD /* FavoriteModel.swift */; };
		302B6CFF26F9380C00CDC4CA /* SearchingController.swift in Sources */ = {isa = PBXBuildFile; fileRef = 302B6CFE26F9380C00CDC4CA /* SearchingController.swift */; };
		302B6D0026F9381E00CDC4CA /* NasaImageVideoLibraryModel.swift in Sources */ = {isa = PBXBuildFile; fileRef = 051F801E26F4D10A009A0811 /* NasaImageVideoLibraryModel.swift */; };
		302B6D0226FA1A3600CDC4CA /* Users.plist in Resources */ = {isa = PBXBuildFile; fileRef = 302B6D0126FA1A3600CDC4CA /* Users.plist */; };
		302B6D0526FA20E300CDC4CA /* Users.swift in Sources */ = {isa = PBXBuildFile; fileRef = 302B6D0426FA20E300CDC4CA /* Users.swift */; };
		302B6D0726FA606500CDC4CA /* MyImageView.swift in Sources */ = {isa = PBXBuildFile; fileRef = 302B6D0626FA606500CDC4CA /* MyImageView.swift */; };
		304078842714EB6900D082CA /* FavoriteController.swift in Sources */ = {isa = PBXBuildFile; fileRef = 304078832714EB6900D082CA /* FavoriteController.swift */; };
		30902342270E213400072F72 /* SDWebImage in Frameworks */ = {isa = PBXBuildFile; productRef = 30902341270E213400072F72 /* SDWebImage */; };
		30902345270E2D0700072F72 /* SDWebImageSwiftUI in Frameworks */ = {isa = PBXBuildFile; productRef = 30902344270E2D0700072F72 /* SDWebImageSwiftUI */; };
		309C145C26DD91140063BD2F /* ImageRetrieveController.swift in Sources */ = {isa = PBXBuildFile; fileRef = 309C145B26DD91140063BD2F /* ImageRetrieveController.swift */; };
		30A5773826F38B9600E94C28 /* ApodModel.swift in Sources */ = {isa = PBXBuildFile; fileRef = 30A5773726F38B9600E94C28 /* ApodModel.swift */; };
		30C902DA26E9144800CBDCB0 /* CellDetailViewController.swift in Sources */ = {isa = PBXBuildFile; fileRef = 30C902D826E9144800CBDCB0 /* CellDetailViewController.swift */; };
		30C902DB26E9144800CBDCB0 /* CellDetailView.swift in Sources */ = {isa = PBXBuildFile; fileRef = 30C902D926E9144800CBDCB0 /* CellDetailView.swift */; };
		30C902E026EA5C8A00CBDCB0 /* VideoPlayerViewController.swift in Sources */ = {isa = PBXBuildFile; fileRef = 30C902DF26EA5C8A00CBDCB0 /* VideoPlayerViewController.swift */; };
		30C902E226EA5CE300CBDCB0 /* Constants.swift in Sources */ = {isa = PBXBuildFile; fileRef = 30C902E126EA5CE300CBDCB0 /* Constants.swift */; };
		30D039E426F1227600AD7CE8 /* ApiQueryGenerator.swift in Sources */ = {isa = PBXBuildFile; fileRef = 30D039E326F1227600AD7CE8 /* ApiQueryGenerator.swift */; };
		30D039E626F1228700AD7CE8 /* Dataloader.swift in Sources */ = {isa = PBXBuildFile; fileRef = 30D039E526F1228700AD7CE8 /* Dataloader.swift */; };
		9C02444F271E22CF00786D1F /* CellDetailViewTests.swift in Sources */ = {isa = PBXBuildFile; fileRef = 9C02444E271E22CF00786D1F /* CellDetailViewTests.swift */; };
		9C0C2D7D26FA500A00CA40BF /* RoverCollectionViewCell.swift in Sources */ = {isa = PBXBuildFile; fileRef = 9C0C2D7C26FA500A00CA40BF /* RoverCollectionViewCell.swift */; };
		9C132E91270387D700309539 /* RoverModel.swift in Sources */ = {isa = PBXBuildFile; fileRef = 9C132E90270387D700309539 /* RoverModel.swift */; };
		9C7CD60026F3CD090059AAE4 /* RoverViewController.swift in Sources */ = {isa = PBXBuildFile; fileRef = 9C7CD5FF26F3CD090059AAE4 /* RoverViewController.swift */; };
		9C7CD60226F535BC0059AAE4 /* NavigationControllerConfiguration.swift in Sources */ = {isa = PBXBuildFile; fileRef = 9C7CD60126F535BC0059AAE4 /* NavigationControllerConfiguration.swift */; };
		9CBBCEC2271F294300A7FBFC /* PopularViewControllerTests.swift in Sources */ = {isa = PBXBuildFile; fileRef = 9CBBCEC1271F294300A7FBFC /* PopularViewControllerTests.swift */; };
		9CE0478F26FD01620076D191 /* RoverImageService.swift in Sources */ = {isa = PBXBuildFile; fileRef = 9CE0478E26FD01620076D191 /* RoverImageService.swift */; };
		9CE0479226FD01D50076D191 /* RoverDataService.swift in Sources */ = {isa = PBXBuildFile; fileRef = 9CE0479126FD01D50076D191 /* RoverDataService.swift */; };
		9CE0479526FE6DD70076D191 /* RoverDetailView.swift in Sources */ = {isa = PBXBuildFile; fileRef = 9CE0479426FE6DD70076D191 /* RoverDetailView.swift */; };
/* End PBXBuildFile section */

/* Begin PBXContainerItemProxy section */
		0FF8F66226C32000001F228E /* PBXContainerItemProxy */ = {
			isa = PBXContainerItemProxy;
			containerPortal = 0FF8F64326C31FFB001F228E /* Project object */;
			proxyType = 1;
			remoteGlobalIDString = 0FF8F64A26C31FFB001F228E;
			remoteInfo = "Nasa App";
		};
		0FF8F66D26C32000001F228E /* PBXContainerItemProxy */ = {
			isa = PBXContainerItemProxy;
			containerPortal = 0FF8F64326C31FFB001F228E /* Project object */;
			proxyType = 1;
			remoteGlobalIDString = 0FF8F64A26C31FFB001F228E;
			remoteInfo = "Nasa App";
		};
/* End PBXContainerItemProxy section */

/* Begin PBXFileReference section */
		051C930A26EA4DFB005D5D25 /* NetworkManager.swift */ = {isa = PBXFileReference; lastKnownFileType = sourcecode.swift; path = NetworkManager.swift; sourceTree = "<group>"; };
		051F801E26F4D10A009A0811 /* NasaImageVideoLibraryModel.swift */ = {isa = PBXFileReference; lastKnownFileType = sourcecode.swift; path = NasaImageVideoLibraryModel.swift; sourceTree = "<group>"; };
		05200AF726E2917100295A04 /* FavoriteViewController.swift */ = {isa = PBXFileReference; lastKnownFileType = sourcecode.swift; path = FavoriteViewController.swift; sourceTree = "<group>"; };
		05200AFD26E2A4D200295A04 /* Main.storyboard */ = {isa = PBXFileReference; fileEncoding = 4; lastKnownFileType = file.storyboard; path = Main.storyboard; sourceTree = "<group>"; };
		05200B0326E2D56D00295A04 /* CollectionViewHelper.swift */ = {isa = PBXFileReference; lastKnownFileType = sourcecode.swift; path = CollectionViewHelper.swift; sourceTree = "<group>"; };
		0521590226DAE77A00B266A9 /* LandingViewController.swift */ = {isa = PBXFileReference; fileEncoding = 4; lastKnownFileType = sourcecode.swift; path = LandingViewController.swift; sourceTree = "<group>"; };
		052E2D8A26FE76060080B990 /* RotationHelper.swift */ = {isa = PBXFileReference; lastKnownFileType = sourcecode.swift; path = RotationHelper.swift; sourceTree = "<group>"; };
		05CE26FC26D04C8B000FF7CA /* CustomButton.swift */ = {isa = PBXFileReference; lastKnownFileType = sourcecode.swift; path = CustomButton.swift; sourceTree = "<group>"; };
		05FAA15C26DD1CED00460507 /* CollectionCell.swift */ = {isa = PBXFileReference; lastKnownFileType = sourcecode.swift; path = CollectionCell.swift; sourceTree = "<group>"; };
		05FAA15E26DD1F2300460507 /* PopularViewController.swift */ = {isa = PBXFileReference; lastKnownFileType = sourcecode.swift; path = PopularViewController.swift; sourceTree = "<group>"; };
		0FF8F64B26C31FFB001F228E /* Nasa App.app */ = {isa = PBXFileReference; explicitFileType = wrapper.application; includeInIndex = 0; path = "Nasa App.app"; sourceTree = BUILT_PRODUCTS_DIR; };
		0FF8F64E26C31FFB001F228E /* AppDelegate.swift */ = {isa = PBXFileReference; lastKnownFileType = sourcecode.swift; path = AppDelegate.swift; sourceTree = "<group>"; };
		0FF8F65026C31FFB001F228E /* SceneDelegate.swift */ = {isa = PBXFileReference; lastKnownFileType = sourcecode.swift; path = SceneDelegate.swift; sourceTree = "<group>"; };
		0FF8F65226C31FFB001F228E /* LoginViewController.swift */ = {isa = PBXFileReference; lastKnownFileType = sourcecode.swift; path = LoginViewController.swift; sourceTree = "<group>"; };
		0FF8F65726C31FFF001F228E /* Assets.xcassets */ = {isa = PBXFileReference; lastKnownFileType = folder.assetcatalog; path = Assets.xcassets; sourceTree = "<group>"; };
		0FF8F65A26C31FFF001F228E /* Base */ = {isa = PBXFileReference; lastKnownFileType = file.storyboard; name = Base; path = Base.lproj/LaunchScreen.storyboard; sourceTree = "<group>"; };
		0FF8F65C26C31FFF001F228E /* Info.plist */ = {isa = PBXFileReference; lastKnownFileType = text.plist.xml; path = Info.plist; sourceTree = "<group>"; };
		0FF8F66126C32000001F228E /* Nasa AppTests.xctest */ = {isa = PBXFileReference; explicitFileType = wrapper.cfbundle; includeInIndex = 0; path = "Nasa AppTests.xctest"; sourceTree = BUILT_PRODUCTS_DIR; };
		0FF8F66526C32000001F228E /* Nasa_AppTests.swift */ = {isa = PBXFileReference; lastKnownFileType = sourcecode.swift; path = Nasa_AppTests.swift; sourceTree = "<group>"; };
		0FF8F66726C32000001F228E /* Info.plist */ = {isa = PBXFileReference; lastKnownFileType = text.plist.xml; path = Info.plist; sourceTree = "<group>"; };
		0FF8F66C26C32000001F228E /* Nasa AppUITests.xctest */ = {isa = PBXFileReference; explicitFileType = wrapper.cfbundle; includeInIndex = 0; path = "Nasa AppUITests.xctest"; sourceTree = BUILT_PRODUCTS_DIR; };
		0FF8F67026C32000001F228E /* Nasa_AppUITests.swift */ = {isa = PBXFileReference; lastKnownFileType = sourcecode.swift; path = Nasa_AppUITests.swift; sourceTree = "<group>"; };
		0FF8F67226C32000001F228E /* Info.plist */ = {isa = PBXFileReference; lastKnownFileType = text.plist.xml; path = Info.plist; sourceTree = "<group>"; };
		300EF352270AB55800F2BDDD /* UsersLoader.swift */ = {isa = PBXFileReference; lastKnownFileType = sourcecode.swift; path = UsersLoader.swift; sourceTree = "<group>"; };
		300EF35E270ABB2500F2BDDD /* LoginController.swift */ = {isa = PBXFileReference; lastKnownFileType = sourcecode.swift; path = LoginController.swift; sourceTree = "<group>"; };
		300EF368270BA19900F2BDDD /* FavoriteModel.swift */ = {isa = PBXFileReference; lastKnownFileType = sourcecode.swift; path = FavoriteModel.swift; sourceTree = "<group>"; };
		302B6CFE26F9380C00CDC4CA /* SearchingController.swift */ = {isa = PBXFileReference; lastKnownFileType = sourcecode.swift; path = SearchingController.swift; sourceTree = "<group>"; };
		302B6D0126FA1A3600CDC4CA /* Users.plist */ = {isa = PBXFileReference; lastKnownFileType = text.plist.xml; path = Users.plist; sourceTree = "<group>"; };
		302B6D0426FA20E300CDC4CA /* Users.swift */ = {isa = PBXFileReference; lastKnownFileType = sourcecode.swift; path = Users.swift; sourceTree = "<group>"; };
		302B6D0626FA606500CDC4CA /* MyImageView.swift */ = {isa = PBXFileReference; lastKnownFileType = sourcecode.swift; path = MyImageView.swift; sourceTree = "<group>"; };
		304078832714EB6900D082CA /* FavoriteController.swift */ = {isa = PBXFileReference; lastKnownFileType = sourcecode.swift; path = FavoriteController.swift; sourceTree = "<group>"; };
		309C145B26DD91140063BD2F /* ImageRetrieveController.swift */ = {isa = PBXFileReference; lastKnownFileType = sourcecode.swift; path = ImageRetrieveController.swift; sourceTree = "<group>"; };
		30A5773726F38B9600E94C28 /* ApodModel.swift */ = {isa = PBXFileReference; fileEncoding = 4; lastKnownFileType = sourcecode.swift; path = ApodModel.swift; sourceTree = "<group>"; };
		30C902D826E9144800CBDCB0 /* CellDetailViewController.swift */ = {isa = PBXFileReference; fileEncoding = 4; lastKnownFileType = sourcecode.swift; path = CellDetailViewController.swift; sourceTree = "<group>"; };
		30C902D926E9144800CBDCB0 /* CellDetailView.swift */ = {isa = PBXFileReference; fileEncoding = 4; lastKnownFileType = sourcecode.swift; path = CellDetailView.swift; sourceTree = "<group>"; };
		30C902DF26EA5C8A00CBDCB0 /* VideoPlayerViewController.swift */ = {isa = PBXFileReference; fileEncoding = 4; lastKnownFileType = sourcecode.swift; path = VideoPlayerViewController.swift; sourceTree = "<group>"; };
		30C902E126EA5CE300CBDCB0 /* Constants.swift */ = {isa = PBXFileReference; fileEncoding = 4; lastKnownFileType = sourcecode.swift; path = Constants.swift; sourceTree = "<group>"; };
		30D039E326F1227600AD7CE8 /* ApiQueryGenerator.swift */ = {isa = PBXFileReference; fileEncoding = 4; lastKnownFileType = sourcecode.swift; path = ApiQueryGenerator.swift; sourceTree = "<group>"; };
		30D039E526F1228700AD7CE8 /* Dataloader.swift */ = {isa = PBXFileReference; fileEncoding = 4; lastKnownFileType = sourcecode.swift; path = Dataloader.swift; sourceTree = "<group>"; };
		9C02444E271E22CF00786D1F /* CellDetailViewTests.swift */ = {isa = PBXFileReference; lastKnownFileType = sourcecode.swift; path = CellDetailViewTests.swift; sourceTree = "<group>"; };
		9C0C2D7C26FA500A00CA40BF /* RoverCollectionViewCell.swift */ = {isa = PBXFileReference; lastKnownFileType = sourcecode.swift; path = RoverCollectionViewCell.swift; sourceTree = "<group>"; };
		9C132E90270387D700309539 /* RoverModel.swift */ = {isa = PBXFileReference; lastKnownFileType = sourcecode.swift; path = RoverModel.swift; sourceTree = "<group>"; };
		9C7CD5FF26F3CD090059AAE4 /* RoverViewController.swift */ = {isa = PBXFileReference; lastKnownFileType = sourcecode.swift; path = RoverViewController.swift; sourceTree = "<group>"; };
		9C7CD60126F535BC0059AAE4 /* NavigationControllerConfiguration.swift */ = {isa = PBXFileReference; lastKnownFileType = sourcecode.swift; path = NavigationControllerConfiguration.swift; sourceTree = "<group>"; };
		9CBBCEC1271F294300A7FBFC /* PopularViewControllerTests.swift */ = {isa = PBXFileReference; lastKnownFileType = sourcecode.swift; path = PopularViewControllerTests.swift; sourceTree = "<group>"; };
		9CE0478E26FD01620076D191 /* RoverImageService.swift */ = {isa = PBXFileReference; lastKnownFileType = sourcecode.swift; path = RoverImageService.swift; sourceTree = "<group>"; };
		9CE0479126FD01D50076D191 /* RoverDataService.swift */ = {isa = PBXFileReference; lastKnownFileType = sourcecode.swift; path = RoverDataService.swift; sourceTree = "<group>"; };
		9CE0479426FE6DD70076D191 /* RoverDetailView.swift */ = {isa = PBXFileReference; lastKnownFileType = sourcecode.swift; path = RoverDetailView.swift; sourceTree = "<group>"; };
/* End PBXFileReference section */

/* Begin PBXFrameworksBuildPhase section */
		0FF8F64826C31FFB001F228E /* Frameworks */ = {
			isa = PBXFrameworksBuildPhase;
			buildActionMask = 2147483647;
			files = (
				30902345270E2D0700072F72 /* SDWebImageSwiftUI in Frameworks */,
				30902342270E213400072F72 /* SDWebImage in Frameworks */,
				051ECAF926F9336F00D05B17 /* NVActivityIndicatorView in Frameworks */,
			);
			runOnlyForDeploymentPostprocessing = 0;
		};
		0FF8F65E26C32000001F228E /* Frameworks */ = {
			isa = PBXFrameworksBuildPhase;
			buildActionMask = 2147483647;
			files = (
			);
			runOnlyForDeploymentPostprocessing = 0;
		};
		0FF8F66926C32000001F228E /* Frameworks */ = {
			isa = PBXFrameworksBuildPhase;
			buildActionMask = 2147483647;
			files = (
			);
			runOnlyForDeploymentPostprocessing = 0;
		};
/* End PBXFrameworksBuildPhase section */

/* Begin PBXGroup section */
		05200AFF26E2A57000295A04 /* View */ = {
			isa = PBXGroup;
			children = (
				9CE0479326FE6D750076D191 /* RoverDetailView */,
				30C902D726E9144800CBDCB0 /* CellDetailView */,
				05FAA15C26DD1CED00460507 /* CollectionCell.swift */,
				9C0C2D7C26FA500A00CA40BF /* RoverCollectionViewCell.swift */,
				05CE26FC26D04C8B000FF7CA /* CustomButton.swift */,
				302B6D0626FA606500CDC4CA /* MyImageView.swift */,
			);
			path = View;
			sourceTree = "<group>";
		};
		05200B0026E2A57800295A04 /* Controller */ = {
			isa = PBXGroup;
			children = (
				30C902D826E9144800CBDCB0 /* CellDetailViewController.swift */,
				30C902DF26EA5C8A00CBDCB0 /* VideoPlayerViewController.swift */,
				0FF8F65226C31FFB001F228E /* LoginViewController.swift */,
				9C7CD5FF26F3CD090059AAE4 /* RoverViewController.swift */,
				05FAA15E26DD1F2300460507 /* PopularViewController.swift */,
				0521590226DAE77A00B266A9 /* LandingViewController.swift */,
				05200AF726E2917100295A04 /* FavoriteViewController.swift */,
			);
			path = Controller;
			sourceTree = "<group>";
		};
		0FF8F64226C31FFB001F228E = {
			isa = PBXGroup;
			children = (
				0FF8F64D26C31FFB001F228E /* Nasa App */,
				0FF8F66426C32000001F228E /* Nasa AppTests */,
				0FF8F66F26C32000001F228E /* Nasa AppUITests */,
				0FF8F64C26C31FFB001F228E /* Products */,
			);
			sourceTree = "<group>";
		};
		0FF8F64C26C31FFB001F228E /* Products */ = {
			isa = PBXGroup;
			children = (
				0FF8F64B26C31FFB001F228E /* Nasa App.app */,
				0FF8F66126C32000001F228E /* Nasa AppTests.xctest */,
				0FF8F66C26C32000001F228E /* Nasa AppUITests.xctest */,
			);
			name = Products;
			sourceTree = "<group>";
		};
		0FF8F64D26C31FFB001F228E /* Nasa App */ = {
			isa = PBXGroup;
			children = (
				9C132E8F270387BF00309539 /* Models */,
				302B6D0326FA20C700CDC4CA /* Login */,
				309C145A26DD90CA0063BD2F /* Utils */,
				05200AFF26E2A57000295A04 /* View */,
				05200B0026E2A57800295A04 /* Controller */,
				0FF8F64E26C31FFB001F228E /* AppDelegate.swift */,
				30D039E526F1228700AD7CE8 /* Dataloader.swift */,
				30D039E326F1227600AD7CE8 /* ApiQueryGenerator.swift */,
				30A5773726F38B9600E94C28 /* ApodModel.swift */,
				30C902E126EA5CE300CBDCB0 /* Constants.swift */,
				0FF8F65026C31FFB001F228E /* SceneDelegate.swift */,
				0FF8F65726C31FFF001F228E /* Assets.xcassets */,
				05200AFD26E2A4D200295A04 /* Main.storyboard */,
				0FF8F65926C31FFF001F228E /* LaunchScreen.storyboard */,
				0FF8F65C26C31FFF001F228E /* Info.plist */,
				300EF368270BA19900F2BDDD /* FavoriteModel.swift */,
				051F801E26F4D10A009A0811 /* NasaImageVideoLibraryModel.swift */,
				302B6CFE26F9380C00CDC4CA /* SearchingController.swift */,
				304078832714EB6900D082CA /* FavoriteController.swift */,
			);
			path = "Nasa App";
			sourceTree = "<group>";
		};
		0FF8F66426C32000001F228E /* Nasa AppTests */ = {
			isa = PBXGroup;
			children = (
				9CBBCEC1271F294300A7FBFC /* PopularViewControllerTests.swift */,
				9C02444E271E22CF00786D1F /* CellDetailViewTests.swift */,
				0FF8F66526C32000001F228E /* Nasa_AppTests.swift */,
				0FF8F66726C32000001F228E /* Info.plist */,
			);
			path = "Nasa AppTests";
			sourceTree = "<group>";
		};
		0FF8F66F26C32000001F228E /* Nasa AppUITests */ = {
			isa = PBXGroup;
			children = (
				0FF8F67026C32000001F228E /* Nasa_AppUITests.swift */,
				0FF8F67226C32000001F228E /* Info.plist */,
			);
			path = "Nasa AppUITests";
			sourceTree = "<group>";
		};
		300EF356270AB8DD00F2BDDD /* Model */ = {
			isa = PBXGroup;
			children = (
				302B6D0426FA20E300CDC4CA /* Users.swift */,
				302B6D0126FA1A3600CDC4CA /* Users.plist */,
				300EF352270AB55800F2BDDD /* UsersLoader.swift */,
			);
			path = Model;
			sourceTree = "<group>";
		};
		300EF357270AB8E000F2BDDD /* Controller */ = {
			isa = PBXGroup;
			children = (
				300EF35E270ABB2500F2BDDD /* LoginController.swift */,
			);
			path = Controller;
			sourceTree = "<group>";
		};
		302B6D0326FA20C700CDC4CA /* Login */ = {
			isa = PBXGroup;
			children = (
				300EF356270AB8DD00F2BDDD /* Model */,
				300EF357270AB8E000F2BDDD /* Controller */,
			);
			path = Login;
			sourceTree = "<group>";
		};
		309C145A26DD90CA0063BD2F /* Utils */ = {
			isa = PBXGroup;
			children = (
				9CE0478D26FD013E0076D191 /* RoverServices */,
				309C145B26DD91140063BD2F /* ImageRetrieveController.swift */,
				05200B0326E2D56D00295A04 /* CollectionViewHelper.swift */,
				051C930A26EA4DFB005D5D25 /* NetworkManager.swift */,
				052E2D8A26FE76060080B990 /* RotationHelper.swift */,
				9C7CD60126F535BC0059AAE4 /* NavigationControllerConfiguration.swift */,
			);
			path = Utils;
			sourceTree = "<group>";
		};
		30C902D726E9144800CBDCB0 /* CellDetailView */ = {
			isa = PBXGroup;
			children = (
				30C902D926E9144800CBDCB0 /* CellDetailView.swift */,
			);
			name = CellDetailView;
			path = "Nasa App/Views/CellDetailView";
			sourceTree = SOURCE_ROOT;
		};
		9C132E8F270387BF00309539 /* Models */ = {
			isa = PBXGroup;
			children = (
				9C132E90270387D700309539 /* RoverModel.swift */,
			);
			path = Models;
			sourceTree = "<group>";
		};
		9CE0478D26FD013E0076D191 /* RoverServices */ = {
			isa = PBXGroup;
			children = (
				9CE0478E26FD01620076D191 /* RoverImageService.swift */,
				9CE0479126FD01D50076D191 /* RoverDataService.swift */,
			);
			path = RoverServices;
			sourceTree = "<group>";
		};
		9CE0479326FE6D750076D191 /* RoverDetailView */ = {
			isa = PBXGroup;
			children = (
				9CE0479426FE6DD70076D191 /* RoverDetailView.swift */,
			);
			path = RoverDetailView;
			sourceTree = "<group>";
		};
/* End PBXGroup section */

/* Begin PBXNativeTarget section */
		0FF8F64A26C31FFB001F228E /* Nasa App */ = {
			isa = PBXNativeTarget;
			buildConfigurationList = 0FF8F67526C32000001F228E /* Build configuration list for PBXNativeTarget "Nasa App" */;
			buildPhases = (
				0FF8F64726C31FFB001F228E /* Sources */,
				0FF8F64826C31FFB001F228E /* Frameworks */,
				0FF8F64926C31FFB001F228E /* Resources */,
			);
			buildRules = (
			);
			dependencies = (
			);
			name = "Nasa App";
			packageProductDependencies = (
				051ECAF826F9336F00D05B17 /* NVActivityIndicatorView */,
				30902341270E213400072F72 /* SDWebImage */,
				30902344270E2D0700072F72 /* SDWebImageSwiftUI */,
			);
			productName = "Nasa App";
			productReference = 0FF8F64B26C31FFB001F228E /* Nasa App.app */;
			productType = "com.apple.product-type.application";
		};
		0FF8F66026C32000001F228E /* Nasa AppTests */ = {
			isa = PBXNativeTarget;
			buildConfigurationList = 0FF8F67826C32000001F228E /* Build configuration list for PBXNativeTarget "Nasa AppTests" */;
			buildPhases = (
				0FF8F65D26C32000001F228E /* Sources */,
				0FF8F65E26C32000001F228E /* Frameworks */,
				0FF8F65F26C32000001F228E /* Resources */,
			);
			buildRules = (
			);
			dependencies = (
				0FF8F66326C32000001F228E /* PBXTargetDependency */,
			);
			name = "Nasa AppTests";
			productName = "Nasa AppTests";
			productReference = 0FF8F66126C32000001F228E /* Nasa AppTests.xctest */;
			productType = "com.apple.product-type.bundle.unit-test";
		};
		0FF8F66B26C32000001F228E /* Nasa AppUITests */ = {
			isa = PBXNativeTarget;
			buildConfigurationList = 0FF8F67B26C32000001F228E /* Build configuration list for PBXNativeTarget "Nasa AppUITests" */;
			buildPhases = (
				0FF8F66826C32000001F228E /* Sources */,
				0FF8F66926C32000001F228E /* Frameworks */,
				0FF8F66A26C32000001F228E /* Resources */,
			);
			buildRules = (
			);
			dependencies = (
				0FF8F66E26C32000001F228E /* PBXTargetDependency */,
			);
			name = "Nasa AppUITests";
			productName = "Nasa AppUITests";
			productReference = 0FF8F66C26C32000001F228E /* Nasa AppUITests.xctest */;
			productType = "com.apple.product-type.bundle.ui-testing";
		};
/* End PBXNativeTarget section */

/* Begin PBXProject section */
		0FF8F64326C31FFB001F228E /* Project object */ = {
			isa = PBXProject;
			attributes = {
				LastSwiftUpdateCheck = 1250;
				LastUpgradeCheck = 1250;
				TargetAttributes = {
					0FF8F64A26C31FFB001F228E = {
						CreatedOnToolsVersion = 12.5.1;
					};
					0FF8F66026C32000001F228E = {
						CreatedOnToolsVersion = 12.5.1;
						TestTargetID = 0FF8F64A26C31FFB001F228E;
					};
					0FF8F66B26C32000001F228E = {
						CreatedOnToolsVersion = 12.5.1;
						TestTargetID = 0FF8F64A26C31FFB001F228E;
					};
				};
			};
			buildConfigurationList = 0FF8F64626C31FFB001F228E /* Build configuration list for PBXProject "Nasa App" */;
			compatibilityVersion = "Xcode 9.3";
			developmentRegion = en;
			hasScannedForEncodings = 0;
			knownRegions = (
				en,
				Base,
			);
			mainGroup = 0FF8F64226C31FFB001F228E;
			packageReferences = (
				051ECAF726F9336F00D05B17 /* XCRemoteSwiftPackageReference "NVActivityIndicatorView" */,
				30902340270E213400072F72 /* XCRemoteSwiftPackageReference "SDWebImage" */,
				30902343270E2D0700072F72 /* XCRemoteSwiftPackageReference "SDWebImageSwiftUI" */,
			);
			productRefGroup = 0FF8F64C26C31FFB001F228E /* Products */;
			projectDirPath = "";
			projectRoot = "";
			targets = (
				0FF8F64A26C31FFB001F228E /* Nasa App */,
				0FF8F66026C32000001F228E /* Nasa AppTests */,
				0FF8F66B26C32000001F228E /* Nasa AppUITests */,
			);
		};
/* End PBXProject section */

/* Begin PBXResourcesBuildPhase section */
		0FF8F64926C31FFB001F228E /* Resources */ = {
			isa = PBXResourcesBuildPhase;
			buildActionMask = 2147483647;
			files = (
				05200AFE26E2A4D200295A04 /* Main.storyboard in Resources */,
				0FF8F65B26C31FFF001F228E /* LaunchScreen.storyboard in Resources */,
				0FF8F65826C31FFF001F228E /* Assets.xcassets in Resources */,
				302B6D0226FA1A3600CDC4CA /* Users.plist in Resources */,
			);
			runOnlyForDeploymentPostprocessing = 0;
		};
		0FF8F65F26C32000001F228E /* Resources */ = {
			isa = PBXResourcesBuildPhase;
			buildActionMask = 2147483647;
			files = (
			);
			runOnlyForDeploymentPostprocessing = 0;
		};
		0FF8F66A26C32000001F228E /* Resources */ = {
			isa = PBXResourcesBuildPhase;
			buildActionMask = 2147483647;
			files = (
			);
			runOnlyForDeploymentPostprocessing = 0;
		};
/* End PBXResourcesBuildPhase section */

/* Begin PBXSourcesBuildPhase section */
		0FF8F64726C31FFB001F228E /* Sources */ = {
			isa = PBXSourcesBuildPhase;
			buildActionMask = 2147483647;
			files = (
				302B6D0026F9381E00CDC4CA /* NasaImageVideoLibraryModel.swift in Sources */,
				051C930B26EA4DFB005D5D25 /* NetworkManager.swift in Sources */,
				059C5F0126DAEBA7006B7C46 /* LoginViewController.swift in Sources */,
				9CE0479226FD01D50076D191 /* RoverDataService.swift in Sources */,
				9C7CD60026F3CD090059AAE4 /* RoverViewController.swift in Sources */,
				9CE0479526FE6DD70076D191 /* RoverDetailView.swift in Sources */,
				0521590326DAE77A00B266A9 /* LandingViewController.swift in Sources */,
				30C902DA26E9144800CBDCB0 /* CellDetailViewController.swift in Sources */,
				30A5773826F38B9600E94C28 /* ApodModel.swift in Sources */,
				300EF353270AB55800F2BDDD /* UsersLoader.swift in Sources */,
				302B6D0526FA20E300CDC4CA /* Users.swift in Sources */,
				05CE26FD26D04C8B000FF7CA /* CustomButton.swift in Sources */,
				052E2D8B26FE76060080B990 /* RotationHelper.swift in Sources */,
				30D039E626F1228700AD7CE8 /* Dataloader.swift in Sources */,
				302B6D0726FA606500CDC4CA /* MyImageView.swift in Sources */,
				30D039E426F1227600AD7CE8 /* ApiQueryGenerator.swift in Sources */,
				0FF8F64F26C31FFB001F228E /* AppDelegate.swift in Sources */,
				05FAA15F26DD1F2300460507 /* PopularViewController.swift in Sources */,
				300EF369270BA19900F2BDDD /* FavoriteModel.swift in Sources */,
				9C132E91270387D700309539 /* RoverModel.swift in Sources */,
				309C145C26DD91140063BD2F /* ImageRetrieveController.swift in Sources */,
				9C0C2D7D26FA500A00CA40BF /* RoverCollectionViewCell.swift in Sources */,
				302B6CFF26F9380C00CDC4CA /* SearchingController.swift in Sources */,
				300EF35F270ABB2500F2BDDD /* LoginController.swift in Sources */,
				05200AF826E2917100295A04 /* FavoriteViewController.swift in Sources */,
				0FF8F65126C31FFB001F228E /* SceneDelegate.swift in Sources */,
				30C902E026EA5C8A00CBDCB0 /* VideoPlayerViewController.swift in Sources */,
				9CE0478F26FD01620076D191 /* RoverImageService.swift in Sources */,
				05FAA15D26DD1CED00460507 /* CollectionCell.swift in Sources */,
				05200B0426E2D56D00295A04 /* CollectionViewHelper.swift in Sources */,
				30C902DB26E9144800CBDCB0 /* CellDetailView.swift in Sources */,
				9C7CD60226F535BC0059AAE4 /* NavigationControllerConfiguration.swift in Sources */,
				30C902E226EA5CE300CBDCB0 /* Constants.swift in Sources */,
				304078842714EB6900D082CA /* FavoriteController.swift in Sources */,
			);
			runOnlyForDeploymentPostprocessing = 0;
		};
		0FF8F65D26C32000001F228E /* Sources */ = {
			isa = PBXSourcesBuildPhase;
			buildActionMask = 2147483647;
			files = (
				0FF8F66626C32000001F228E /* Nasa_AppTests.swift in Sources */,
				9CBBCEC2271F294300A7FBFC /* PopularViewControllerTests.swift in Sources */,
				9C02444F271E22CF00786D1F /* CellDetailViewTests.swift in Sources */,
			);
			runOnlyForDeploymentPostprocessing = 0;
		};
		0FF8F66826C32000001F228E /* Sources */ = {
			isa = PBXSourcesBuildPhase;
			buildActionMask = 2147483647;
			files = (
				0FF8F67126C32000001F228E /* Nasa_AppUITests.swift in Sources */,
			);
			runOnlyForDeploymentPostprocessing = 0;
		};
/* End PBXSourcesBuildPhase section */

/* Begin PBXTargetDependency section */
		0FF8F66326C32000001F228E /* PBXTargetDependency */ = {
			isa = PBXTargetDependency;
			target = 0FF8F64A26C31FFB001F228E /* Nasa App */;
			targetProxy = 0FF8F66226C32000001F228E /* PBXContainerItemProxy */;
		};
		0FF8F66E26C32000001F228E /* PBXTargetDependency */ = {
			isa = PBXTargetDependency;
			target = 0FF8F64A26C31FFB001F228E /* Nasa App */;
			targetProxy = 0FF8F66D26C32000001F228E /* PBXContainerItemProxy */;
		};
/* End PBXTargetDependency section */

/* Begin PBXVariantGroup section */
		0FF8F65926C31FFF001F228E /* LaunchScreen.storyboard */ = {
			isa = PBXVariantGroup;
			children = (
				0FF8F65A26C31FFF001F228E /* Base */,
			);
			name = LaunchScreen.storyboard;
			sourceTree = "<group>";
		};
/* End PBXVariantGroup section */

/* Begin XCBuildConfiguration section */
		0FF8F67326C32000001F228E /* Debug */ = {
			isa = XCBuildConfiguration;
			buildSettings = {
				ALWAYS_SEARCH_USER_PATHS = NO;
				CLANG_ANALYZER_NONNULL = YES;
				CLANG_ANALYZER_NUMBER_OBJECT_CONVERSION = YES_AGGRESSIVE;
				CLANG_CXX_LANGUAGE_STANDARD = "gnu++14";
				CLANG_CXX_LIBRARY = "libc++";
				CLANG_ENABLE_MODULES = YES;
				CLANG_ENABLE_OBJC_ARC = YES;
				CLANG_ENABLE_OBJC_WEAK = YES;
				CLANG_WARN_BLOCK_CAPTURE_AUTORELEASING = YES;
				CLANG_WARN_BOOL_CONVERSION = YES;
				CLANG_WARN_COMMA = YES;
				CLANG_WARN_CONSTANT_CONVERSION = YES;
				CLANG_WARN_DEPRECATED_OBJC_IMPLEMENTATIONS = YES;
				CLANG_WARN_DIRECT_OBJC_ISA_USAGE = YES_ERROR;
				CLANG_WARN_DOCUMENTATION_COMMENTS = YES;
				CLANG_WARN_EMPTY_BODY = YES;
				CLANG_WARN_ENUM_CONVERSION = YES;
				CLANG_WARN_INFINITE_RECURSION = YES;
				CLANG_WARN_INT_CONVERSION = YES;
				CLANG_WARN_NON_LITERAL_NULL_CONVERSION = YES;
				CLANG_WARN_OBJC_IMPLICIT_RETAIN_SELF = YES;
				CLANG_WARN_OBJC_LITERAL_CONVERSION = YES;
				CLANG_WARN_OBJC_ROOT_CLASS = YES_ERROR;
				CLANG_WARN_QUOTED_INCLUDE_IN_FRAMEWORK_HEADER = YES;
				CLANG_WARN_RANGE_LOOP_ANALYSIS = YES;
				CLANG_WARN_STRICT_PROTOTYPES = YES;
				CLANG_WARN_SUSPICIOUS_MOVE = YES;
				CLANG_WARN_UNGUARDED_AVAILABILITY = YES_AGGRESSIVE;
				CLANG_WARN_UNREACHABLE_CODE = YES;
				CLANG_WARN__DUPLICATE_METHOD_MATCH = YES;
				COPY_PHASE_STRIP = NO;
				DEBUG_INFORMATION_FORMAT = dwarf;
				ENABLE_STRICT_OBJC_MSGSEND = YES;
				ENABLE_TESTABILITY = YES;
				GCC_C_LANGUAGE_STANDARD = gnu11;
				GCC_DYNAMIC_NO_PIC = NO;
				GCC_NO_COMMON_BLOCKS = YES;
				GCC_OPTIMIZATION_LEVEL = 0;
				GCC_PREPROCESSOR_DEFINITIONS = (
					"DEBUG=1",
					"$(inherited)",
				);
				GCC_WARN_64_TO_32_BIT_CONVERSION = YES;
				GCC_WARN_ABOUT_RETURN_TYPE = YES_ERROR;
				GCC_WARN_UNDECLARED_SELECTOR = YES;
				GCC_WARN_UNINITIALIZED_AUTOS = YES_AGGRESSIVE;
				GCC_WARN_UNUSED_FUNCTION = YES;
				GCC_WARN_UNUSED_VARIABLE = YES;
				IPHONEOS_DEPLOYMENT_TARGET = 14.5;
				MTL_ENABLE_DEBUG_INFO = INCLUDE_SOURCE;
				MTL_FAST_MATH = YES;
				ONLY_ACTIVE_ARCH = YES;
				SDKROOT = iphoneos;
				SWIFT_ACTIVE_COMPILATION_CONDITIONS = DEBUG;
				SWIFT_OPTIMIZATION_LEVEL = "-Onone";
			};
			name = Debug;
		};
		0FF8F67426C32000001F228E /* Release */ = {
			isa = XCBuildConfiguration;
			buildSettings = {
				ALWAYS_SEARCH_USER_PATHS = NO;
				CLANG_ANALYZER_NONNULL = YES;
				CLANG_ANALYZER_NUMBER_OBJECT_CONVERSION = YES_AGGRESSIVE;
				CLANG_CXX_LANGUAGE_STANDARD = "gnu++14";
				CLANG_CXX_LIBRARY = "libc++";
				CLANG_ENABLE_MODULES = YES;
				CLANG_ENABLE_OBJC_ARC = YES;
				CLANG_ENABLE_OBJC_WEAK = YES;
				CLANG_WARN_BLOCK_CAPTURE_AUTORELEASING = YES;
				CLANG_WARN_BOOL_CONVERSION = YES;
				CLANG_WARN_COMMA = YES;
				CLANG_WARN_CONSTANT_CONVERSION = YES;
				CLANG_WARN_DEPRECATED_OBJC_IMPLEMENTATIONS = YES;
				CLANG_WARN_DIRECT_OBJC_ISA_USAGE = YES_ERROR;
				CLANG_WARN_DOCUMENTATION_COMMENTS = YES;
				CLANG_WARN_EMPTY_BODY = YES;
				CLANG_WARN_ENUM_CONVERSION = YES;
				CLANG_WARN_INFINITE_RECURSION = YES;
				CLANG_WARN_INT_CONVERSION = YES;
				CLANG_WARN_NON_LITERAL_NULL_CONVERSION = YES;
				CLANG_WARN_OBJC_IMPLICIT_RETAIN_SELF = YES;
				CLANG_WARN_OBJC_LITERAL_CONVERSION = YES;
				CLANG_WARN_OBJC_ROOT_CLASS = YES_ERROR;
				CLANG_WARN_QUOTED_INCLUDE_IN_FRAMEWORK_HEADER = YES;
				CLANG_WARN_RANGE_LOOP_ANALYSIS = YES;
				CLANG_WARN_STRICT_PROTOTYPES = YES;
				CLANG_WARN_SUSPICIOUS_MOVE = YES;
				CLANG_WARN_UNGUARDED_AVAILABILITY = YES_AGGRESSIVE;
				CLANG_WARN_UNREACHABLE_CODE = YES;
				CLANG_WARN__DUPLICATE_METHOD_MATCH = YES;
				COPY_PHASE_STRIP = NO;
				DEBUG_INFORMATION_FORMAT = "dwarf-with-dsym";
				ENABLE_NS_ASSERTIONS = NO;
				ENABLE_STRICT_OBJC_MSGSEND = YES;
				GCC_C_LANGUAGE_STANDARD = gnu11;
				GCC_NO_COMMON_BLOCKS = YES;
				GCC_WARN_64_TO_32_BIT_CONVERSION = YES;
				GCC_WARN_ABOUT_RETURN_TYPE = YES_ERROR;
				GCC_WARN_UNDECLARED_SELECTOR = YES;
				GCC_WARN_UNINITIALIZED_AUTOS = YES_AGGRESSIVE;
				GCC_WARN_UNUSED_FUNCTION = YES;
				GCC_WARN_UNUSED_VARIABLE = YES;
				IPHONEOS_DEPLOYMENT_TARGET = 14.5;
				MTL_ENABLE_DEBUG_INFO = NO;
				MTL_FAST_MATH = YES;
				SDKROOT = iphoneos;
				SWIFT_COMPILATION_MODE = wholemodule;
				SWIFT_OPTIMIZATION_LEVEL = "-O";
				VALIDATE_PRODUCT = YES;
			};
			name = Release;
		};
		0FF8F67626C32000001F228E /* Debug */ = {
			isa = XCBuildConfiguration;
			buildSettings = {
				ASSETCATALOG_COMPILER_APPICON_NAME = AppIcon;
				ASSETCATALOG_COMPILER_GLOBAL_ACCENT_COLOR_NAME = AccentColor;
				CODE_SIGN_STYLE = Automatic;
				DEVELOPMENT_TEAM = AJW34VQTW6;
				INFOPLIST_FILE = "Nasa App/Info.plist";
				LD_RUNPATH_SEARCH_PATHS = (
					"$(inherited)",
					"@executable_path/Frameworks",
				);
				PRODUCT_BUNDLE_IDENTIFIER = "FelipeVelandia.Nasa-App";
				PRODUCT_NAME = "$(TARGET_NAME)";
				SWIFT_VERSION = 5.0;
				TARGETED_DEVICE_FAMILY = "1,2";
			};
			name = Debug;
		};
		0FF8F67726C32000001F228E /* Release */ = {
			isa = XCBuildConfiguration;
			buildSettings = {
				ASSETCATALOG_COMPILER_APPICON_NAME = AppIcon;
				ASSETCATALOG_COMPILER_GLOBAL_ACCENT_COLOR_NAME = AccentColor;
				CODE_SIGN_STYLE = Automatic;
				DEVELOPMENT_TEAM = AJW34VQTW6;
				INFOPLIST_FILE = "Nasa App/Info.plist";
				LD_RUNPATH_SEARCH_PATHS = (
					"$(inherited)",
					"@executable_path/Frameworks",
				);
				PRODUCT_BUNDLE_IDENTIFIER = "FelipeVelandia.Nasa-App";
				PRODUCT_NAME = "$(TARGET_NAME)";
				SWIFT_VERSION = 5.0;
				TARGETED_DEVICE_FAMILY = "1,2";
			};
			name = Release;
		};
		0FF8F67926C32000001F228E /* Debug */ = {
			isa = XCBuildConfiguration;
			buildSettings = {
				ALWAYS_EMBED_SWIFT_STANDARD_LIBRARIES = YES;
				BUNDLE_LOADER = "$(TEST_HOST)";
				CODE_SIGN_STYLE = Automatic;
				INFOPLIST_FILE = "Nasa AppTests/Info.plist";
				IPHONEOS_DEPLOYMENT_TARGET = 14.5;
				LD_RUNPATH_SEARCH_PATHS = (
					"$(inherited)",
					"@executable_path/Frameworks",
					"@loader_path/Frameworks",
				);
				PRODUCT_BUNDLE_IDENTIFIER = "FelipeVelandia.Nasa-AppTests";
				PRODUCT_NAME = "$(TARGET_NAME)";
				SWIFT_VERSION = 5.0;
				TARGETED_DEVICE_FAMILY = "1,2";
				TEST_HOST = "$(BUILT_PRODUCTS_DIR)/Nasa App.app/Nasa App";
			};
			name = Debug;
		};
		0FF8F67A26C32000001F228E /* Release */ = {
			isa = XCBuildConfiguration;
			buildSettings = {
				ALWAYS_EMBED_SWIFT_STANDARD_LIBRARIES = YES;
				BUNDLE_LOADER = "$(TEST_HOST)";
				CODE_SIGN_STYLE = Automatic;
				INFOPLIST_FILE = "Nasa AppTests/Info.plist";
				IPHONEOS_DEPLOYMENT_TARGET = 14.5;
				LD_RUNPATH_SEARCH_PATHS = (
					"$(inherited)",
					"@executable_path/Frameworks",
					"@loader_path/Frameworks",
				);
				PRODUCT_BUNDLE_IDENTIFIER = "FelipeVelandia.Nasa-AppTests";
				PRODUCT_NAME = "$(TARGET_NAME)";
				SWIFT_VERSION = 5.0;
				TARGETED_DEVICE_FAMILY = "1,2";
				TEST_HOST = "$(BUILT_PRODUCTS_DIR)/Nasa App.app/Nasa App";
			};
			name = Release;
		};
		0FF8F67C26C32000001F228E /* Debug */ = {
			isa = XCBuildConfiguration;
			buildSettings = {
				ALWAYS_EMBED_SWIFT_STANDARD_LIBRARIES = YES;
				CODE_SIGN_STYLE = Automatic;
				INFOPLIST_FILE = "Nasa AppUITests/Info.plist";
				LD_RUNPATH_SEARCH_PATHS = (
					"$(inherited)",
					"@executable_path/Frameworks",
					"@loader_path/Frameworks",
				);
				PRODUCT_BUNDLE_IDENTIFIER = "FelipeVelandia.Nasa-AppUITests";
				PRODUCT_NAME = "$(TARGET_NAME)";
				SWIFT_VERSION = 5.0;
				TARGETED_DEVICE_FAMILY = "1,2";
				TEST_TARGET_NAME = "Nasa App";
			};
			name = Debug;
		};
		0FF8F67D26C32000001F228E /* Release */ = {
			isa = XCBuildConfiguration;
			buildSettings = {
				ALWAYS_EMBED_SWIFT_STANDARD_LIBRARIES = YES;
				CODE_SIGN_STYLE = Automatic;
				INFOPLIST_FILE = "Nasa AppUITests/Info.plist";
				LD_RUNPATH_SEARCH_PATHS = (
					"$(inherited)",
					"@executable_path/Frameworks",
					"@loader_path/Frameworks",
				);
				PRODUCT_BUNDLE_IDENTIFIER = "FelipeVelandia.Nasa-AppUITests";
				PRODUCT_NAME = "$(TARGET_NAME)";
				SWIFT_VERSION = 5.0;
				TARGETED_DEVICE_FAMILY = "1,2";
				TEST_TARGET_NAME = "Nasa App";
			};
			name = Release;
		};
/* End XCBuildConfiguration section */

/* Begin XCConfigurationList section */
		0FF8F64626C31FFB001F228E /* Build configuration list for PBXProject "Nasa App" */ = {
			isa = XCConfigurationList;
			buildConfigurations = (
				0FF8F67326C32000001F228E /* Debug */,
				0FF8F67426C32000001F228E /* Release */,
			);
			defaultConfigurationIsVisible = 0;
			defaultConfigurationName = Release;
		};
		0FF8F67526C32000001F228E /* Build configuration list for PBXNativeTarget "Nasa App" */ = {
			isa = XCConfigurationList;
			buildConfigurations = (
				0FF8F67626C32000001F228E /* Debug */,
				0FF8F67726C32000001F228E /* Release */,
			);
			defaultConfigurationIsVisible = 0;
			defaultConfigurationName = Release;
		};
		0FF8F67826C32000001F228E /* Build configuration list for PBXNativeTarget "Nasa AppTests" */ = {
			isa = XCConfigurationList;
			buildConfigurations = (
				0FF8F67926C32000001F228E /* Debug */,
				0FF8F67A26C32000001F228E /* Release */,
			);
			defaultConfigurationIsVisible = 0;
			defaultConfigurationName = Release;
		};
		0FF8F67B26C32000001F228E /* Build configuration list for PBXNativeTarget "Nasa AppUITests" */ = {
			isa = XCConfigurationList;
			buildConfigurations = (
				0FF8F67C26C32000001F228E /* Debug */,
				0FF8F67D26C32000001F228E /* Release */,
			);
			defaultConfigurationIsVisible = 0;
			defaultConfigurationName = Release;
		};
/* End XCConfigurationList section */

/* Begin XCRemoteSwiftPackageReference section */
		051ECAF726F9336F00D05B17 /* XCRemoteSwiftPackageReference "NVActivityIndicatorView" */ = {
			isa = XCRemoteSwiftPackageReference;
			repositoryURL = "https://github.com/ninjaprox/NVActivityIndicatorView";
			requirement = {
				kind = upToNextMajorVersion;
				minimumVersion = 5.1.1;
			};
		};
		30902340270E213400072F72 /* XCRemoteSwiftPackageReference "SDWebImage" */ = {
			isa = XCRemoteSwiftPackageReference;
			repositoryURL = "https://github.com/SDWebImage/SDWebImage";
			requirement = {
				kind = upToNextMajorVersion;
				minimumVersion = 5.12.0;
			};
		};
		30902343270E2D0700072F72 /* XCRemoteSwiftPackageReference "SDWebImageSwiftUI" */ = {
			isa = XCRemoteSwiftPackageReference;
			repositoryURL = "https://github.com/SDWebImage/SDWebImageSwiftUI";
			requirement = {
				kind = upToNextMajorVersion;
				minimumVersion = 2.0.2;
			};
		};
/* End XCRemoteSwiftPackageReference section */

/* Begin XCSwiftPackageProductDependency section */
		051ECAF826F9336F00D05B17 /* NVActivityIndicatorView */ = {
			isa = XCSwiftPackageProductDependency;
			package = 051ECAF726F9336F00D05B17 /* XCRemoteSwiftPackageReference "NVActivityIndicatorView" */;
			productName = NVActivityIndicatorView;
		};
		30902341270E213400072F72 /* SDWebImage */ = {
			isa = XCSwiftPackageProductDependency;
			package = 30902340270E213400072F72 /* XCRemoteSwiftPackageReference "SDWebImage" */;
			productName = SDWebImage;
		};
		30902344270E2D0700072F72 /* SDWebImageSwiftUI */ = {
			isa = XCSwiftPackageProductDependency;
			package = 30902343270E2D0700072F72 /* XCRemoteSwiftPackageReference "SDWebImageSwiftUI" */;
			productName = SDWebImageSwiftUI;
		};
/* End XCSwiftPackageProductDependency section */
	};
	rootObject = 0FF8F64326C31FFB001F228E /* Project object */;
}
